
Microsoft Visual Studio Solution File, Format Version 12.00
# Visual Studio Version 16
VisualStudioVersion = 16.0.29306.81
MinimumVisualStudioVersion = 10.0.40219.1
Project("{2150E333-8FDC-42A3-9474-1A3956D46DE8}") = "Docs", "Docs", "{3301A601-57F8-4011-927A-843B500283F3}"
	ProjectSection(SolutionItems) = preProject
		Identity.sql = Identity.sql
		ReadMe.md = ReadMe.md
		..\..\..\Downloads\themeforest-MoTaHIrh-treely-one-page-parallax.zip = ..\..\..\Downloads\themeforest-MoTaHIrh-treely-one-page-parallax.zip
	EndProjectSection
EndProject
Project("{2150E333-8FDC-42A3-9474-1A3956D46DE8}") = "Src", "Src", "{232E7DEF-1E63-4C68-8B3B-E6884E118A9D}"
EndProject
Project("{2150E333-8FDC-42A3-9474-1A3956D46DE8}") = "Domain", "Domain", "{7905939F-628A-47BF-ACB6-4A3928830097}"
EndProject
Project("{2150E333-8FDC-42A3-9474-1A3956D46DE8}") = "Application", "Application", "{83ECA579-122A-4D26-A37F-6C106B878DC7}"
EndProject
Project("{2150E333-8FDC-42A3-9474-1A3956D46DE8}") = "Infrastructure", "Infrastructure", "{86A6A76D-6B8D-4FB0-880A-A7C44F6E94ED}"
EndProject
Project("{2150E333-8FDC-42A3-9474-1A3956D46DE8}") = "Presentation", "Presentation", "{3F9621E6-40F0-468B-949C-5045005D252F}"
EndProject
Project("{9A19103F-16F7-4668-BE54-9A1E7A4F7556}") = "WandaPlusTv.Domain", "WandaPlusTv.Domain\WandaPlusTv.Domain.csproj", "{AD19C742-110C-4FEC-8827-E22AD76F9554}"
EndProject
Project("{9A19103F-16F7-4668-BE54-9A1E7A4F7556}") = "WandaPlusTv.Application", "WandaPlusTv.Application\WandaPlusTv.Application.csproj", "{584DAC78-1CE8-4F5B-A254-39A895F9146A}"
EndProject
Project("{9A19103F-16F7-4668-BE54-9A1E7A4F7556}") = "WandaPlusTv.Flix", "WandaPlusTv.Flix\WandaPlusTv.Flix.csproj", "{2A1B1C2B-EB85-4A6A-83C2-0224C35BC778}"
EndProject
Project("{2150E333-8FDC-42A3-9474-1A3956D46DE8}") = "Services", "Services", "{1135497B-67BC-407E-B693-8B23F2204ACC}"
EndProject
Project("{9A19103F-16F7-4668-BE54-9A1E7A4F7556}") = "SimpleMembership", "SimpleMembership\SimpleMembership.csproj", "{B2A25494-4373-4F0E-8A1C-877180D5610B}"
EndProject
Project("{9A19103F-16F7-4668-BE54-9A1E7A4F7556}") = "WandaPlusTv.Data", "WandaPlusTv.Data\WandaPlusTv.Data.csproj", "{18C06564-8356-43FA-A125-F20CB0E5FF8F}"
EndProject
Project("{FAE04EC0-301F-11D3-BF4B-00C04F79EFBC}") = "WandaPlusTv.WebAdmin", "WandaPlusTv.WebAdmin\WandaPlusTv.WebAdmin.csproj", "{D7512B38-4AA8-4E4F-B294-BED4E25A717B}"
EndProject
Global
	GlobalSection(SolutionConfigurationPlatforms) = preSolution
		Debug|Any CPU = Debug|Any CPU
		Release|Any CPU = Release|Any CPU
	EndGlobalSection
	GlobalSection(ProjectConfigurationPlatforms) = postSolution
		{AD19C742-110C-4FEC-8827-E22AD76F9554}.Debug|Any CPU.ActiveCfg = Debug|Any CPU
		{AD19C742-110C-4FEC-8827-E22AD76F9554}.Debug|Any CPU.Build.0 = Debug|Any CPU
		{AD19C742-110C-4FEC-8827-E22AD76F9554}.Release|Any CPU.ActiveCfg = Release|Any CPU
		{AD19C742-110C-4FEC-8827-E22AD76F9554}.Release|Any CPU.Build.0 = Release|Any CPU
		{584DAC78-1CE8-4F5B-A254-39A895F9146A}.Debug|Any CPU.ActiveCfg = Debug|Any CPU
		{584DAC78-1CE8-4F5B-A254-39A895F9146A}.Debug|Any CPU.Build.0 = Debug|Any CPU
		{584DAC78-1CE8-4F5B-A254-39A895F9146A}.Release|Any CPU.ActiveCfg = Release|Any CPU
		{584DAC78-1CE8-4F5B-A254-39A895F9146A}.Release|Any CPU.Build.0 = Release|Any CPU
		{2A1B1C2B-EB85-4A6A-83C2-0224C35BC778}.Debug|Any CPU.ActiveCfg = Debug|Any CPU
		{2A1B1C2B-EB85-4A6A-83C2-0224C35BC778}.Debug|Any CPU.Build.0 = Debug|Any CPU
		{2A1B1C2B-EB85-4A6A-83C2-0224C35BC778}.Release|Any CPU.ActiveCfg = Release|Any CPU
		{2A1B1C2B-EB85-4A6A-83C2-0224C35BC778}.Release|Any CPU.Build.0 = Release|Any CPU
		{B2A25494-4373-4F0E-8A1C-877180D5610B}.Debug|Any CPU.ActiveCfg = Debug|Any CPU
		{B2A25494-4373-4F0E-8A1C-877180D5610B}.Debug|Any CPU.Build.0 = Debug|Any CPU
		{B2A25494-4373-4F0E-8A1C-877180D5610B}.Release|Any CPU.ActiveCfg = Release|Any CPU
		{B2A25494-4373-4F0E-8A1C-877180D5610B}.Release|Any CPU.Build.0 = Release|Any CPU
		{18C06564-8356-43FA-A125-F20CB0E5FF8F}.Debug|Any CPU.ActiveCfg = Debug|Any CPU
		{18C06564-8356-43FA-A125-F20CB0E5FF8F}.Debug|Any CPU.Build.0 = Debug|Any CPU
		{18C06564-8356-43FA-A125-F20CB0E5FF8F}.Release|Any CPU.ActiveCfg = Release|Any CPU
		{18C06564-8356-43FA-A125-F20CB0E5FF8F}.Release|Any CPU.Build.0 = Release|Any CPU
		{D7512B38-4AA8-4E4F-B294-BED4E25A717B}.Debug|Any CPU.ActiveCfg = Debug|Any CPU
		{D7512B38-4AA8-4E4F-B294-BED4E25A717B}.Debug|Any CPU.Build.0 = Debug|Any CPU
		{D7512B38-4AA8-4E4F-B294-BED4E25A717B}.Release|Any CPU.ActiveCfg = Release|Any CPU
		{D7512B38-4AA8-4E4F-B294-BED4E25A717B}.Release|Any CPU.Build.0 = Release|Any CPU
	EndGlobalSection
	GlobalSection(SolutionProperties) = preSolution
		HideSolutionNode = FALSE
	EndGlobalSection
	GlobalSection(NestedProjects) = preSolution
		{7905939F-628A-47BF-ACB6-4A3928830097} = {232E7DEF-1E63-4C68-8B3B-E6884E118A9D}
		{83ECA579-122A-4D26-A37F-6C106B878DC7} = {232E7DEF-1E63-4C68-8B3B-E6884E118A9D}
		{86A6A76D-6B8D-4FB0-880A-A7C44F6E94ED} = {232E7DEF-1E63-4C68-8B3B-E6884E118A9D}
		{3F9621E6-40F0-468B-949C-5045005D252F} = {232E7DEF-1E63-4C68-8B3B-E6884E118A9D}
		{AD19C742-110C-4FEC-8827-E22AD76F9554} = {7905939F-628A-47BF-ACB6-4A3928830097}
		{584DAC78-1CE8-4F5B-A254-39A895F9146A} = {83ECA579-122A-4D26-A37F-6C106B878DC7}
		{2A1B1C2B-EB85-4A6A-83C2-0224C35BC778} = {3F9621E6-40F0-468B-949C-5045005D252F}
		{1135497B-67BC-407E-B693-8B23F2204ACC} = {232E7DEF-1E63-4C68-8B3B-E6884E118A9D}
		{B2A25494-4373-4F0E-8A1C-877180D5610B} = {1135497B-67BC-407E-B693-8B23F2204ACC}
		{18C06564-8356-43FA-A125-F20CB0E5FF8F} = {86A6A76D-6B8D-4FB0-880A-A7C44F6E94ED}
		{D7512B38-4AA8-4E4F-B294-BED4E25A717B} = {3F9621E6-40F0-468B-949C-5045005D252F}
	EndGlobalSection
	GlobalSection(ExtensibilityGlobals) = postSolution
		SolutionGuid = {B58ED072-7174-4FC8-B4A5-6277585EF8D9}
	EndGlobalSection
EndGlobal
